
Microsoft Visual Studio Solution File, Format Version 12.00
Project("{FAE04EC0-301F-11D3-BF4B-00C04F79EFBC}") = "LEH-FS", "LEH-FS\LEH-FS.csproj", "{AE7326B3-A98C-413D-AA8C-FF43F61AFD45}"
EndProject
Global
	GlobalSection(SolutionConfigurationPlatforms) = preSolution
		Debug|Any CPU = Debug|Any CPU
		Release|Any CPU = Release|Any CPU
	EndGlobalSection
	GlobalSection(ProjectConfigurationPlatforms) = postSolution
		{AE7326B3-A98C-413D-AA8C-FF43F61AFD45}.Debug|Any CPU.ActiveCfg = Debug|Any CPU
		{AE7326B3-A98C-413D-AA8C-FF43F61AFD45}.Debug|Any CPU.Build.0 = Debug|Any CPU
		{AE7326B3-A98C-413D-AA8C-FF43F61AFD45}.Release|Any CPU.ActiveCfg = Release|Any CPU
		{AE7326B3-A98C-413D-AA8C-FF43F61AFD45}.Release|Any CPU.Build.0 = Release|Any CPU
	EndGlobalSection
EndGlobal
